
Microsoft Visual Studio Solution File, Format Version 12.00
# Visual Studio Version 16
VisualStudioVersion = 16.0.30717.126
MinimumVisualStudioVersion = 10.0.40219.1
Project("{8BC9CEB8-8B4A-11D0-8D11-00A0C91BC942}") = "P44", "P44\P44.vcxproj", "{32E1E813-0058-4B7C-9BC1-B35332FB171C}"
EndProject
Project("{8BC9CEB8-8B4A-11D0-8D11-00A0C91BC942}") = "P48", "P48\P48.vcxproj", "{7B12DA51-CCE2-4603-9D32-8E24BA8037ED}"
EndProject
Project("{8BC9CEB8-8B4A-11D0-8D11-00A0C91BC942}") = "P52", "P52\P52.vcxproj", "{5057CC24-3479-4260-9DAD-CBEAB0C70027}"
EndProject
Project("{8BC9CEB8-8B4A-11D0-8D11-00A0C91BC942}") = "P60", "P60\P60.vcxproj", "{08974EFF-76FD-4773-81C6-89CCB2002FD9}"
EndProject
Project("{8BC9CEB8-8B4A-11D0-8D11-00A0C91BC942}") = "P64", "P64\P64.vcxproj", "{6EFE2789-8CDA-4C2B-8FD1-AFA401D8E75E}"
EndProject
Project("{8BC9CEB8-8B4A-11D0-8D11-00A0C91BC942}") = "P68", "P68\P68.vcxproj", "{1D3439A3-9F1F-4C07-AC56-D3A18FC43A77}"
EndProject
Project("{8BC9CEB8-8B4A-11D0-8D11-00A0C91BC942}") = "P72", "P72\P72.vcxproj", "{45FF1938-2A0A-4D76-ABAD-D8A6BEB7E1C3}"
EndProject
Project("{8BC9CEB8-8B4A-11D0-8D11-00A0C91BC942}") = "P76", "P76\P76.vcxproj", "{05F42F5A-5727-4A2B-AE5E-F7AEE3CB2D05}"
EndProject
Project("{8BC9CEB8-8B4A-11D0-8D11-00A0C91BC942}") = "P80", "P80\P80.vcxproj", "{629D9722-B168-400C-A120-BCA429A02E6B}"
EndProject
Project("{8BC9CEB8-8B4A-11D0-8D11-00A0C91BC942}") = "P56", "P56\P56.vcxproj", "{3BF5D6F5-F144-4757-B093-F9E1EE5BFCFF}"
EndProject
Global
	GlobalSection(SolutionConfigurationPlatforms) = preSolution
		Debug|x64 = Debug|x64
		Debug|x86 = Debug|x86
		Release|x64 = Release|x64
		Release|x86 = Release|x86
	EndGlobalSection
	GlobalSection(ProjectConfigurationPlatforms) = postSolution
		{32E1E813-0058-4B7C-9BC1-B35332FB171C}.Debug|x64.ActiveCfg = Debug|x64
		{32E1E813-0058-4B7C-9BC1-B35332FB171C}.Debug|x64.Build.0 = Debug|x64
		{32E1E813-0058-4B7C-9BC1-B35332FB171C}.Debug|x86.ActiveCfg = Debug|Win32
		{32E1E813-0058-4B7C-9BC1-B35332FB171C}.Debug|x86.Build.0 = Debug|Win32
		{32E1E813-0058-4B7C-9BC1-B35332FB171C}.Release|x64.ActiveCfg = Release|x64
		{32E1E813-0058-4B7C-9BC1-B35332FB171C}.Release|x64.Build.0 = Release|x64
		{32E1E813-0058-4B7C-9BC1-B35332FB171C}.Release|x86.ActiveCfg = Release|Win32
		{32E1E813-0058-4B7C-9BC1-B35332FB171C}.Release|x86.Build.0 = Release|Win32
		{7B12DA51-CCE2-4603-9D32-8E24BA8037ED}.Debug|x64.ActiveCfg = Debug|x64
		{7B12DA51-CCE2-4603-9D32-8E24BA8037ED}.Debug|x64.Build.0 = Debug|x64
		{7B12DA51-CCE2-4603-9D32-8E24BA8037ED}.Debug|x86.ActiveCfg = Debug|Win32
		{7B12DA51-CCE2-4603-9D32-8E24BA8037ED}.Debug|x86.Build.0 = Debug|Win32
		{7B12DA51-CCE2-4603-9D32-8E24BA8037ED}.Release|x64.ActiveCfg = Release|x64
		{7B12DA51-CCE2-4603-9D32-8E24BA8037ED}.Release|x64.Build.0 = Release|x64
		{7B12DA51-CCE2-4603-9D32-8E24BA8037ED}.Release|x86.ActiveCfg = Release|Win32
		{7B12DA51-CCE2-4603-9D32-8E24BA8037ED}.Release|x86.Build.0 = Release|Win32
		{5057CC24-3479-4260-9DAD-CBEAB0C70027}.Debug|x64.ActiveCfg = Debug|x64
		{5057CC24-3479-4260-9DAD-CBEAB0C70027}.Debug|x64.Build.0 = Debug|x64
		{5057CC24-3479-4260-9DAD-CBEAB0C70027}.Debug|x86.ActiveCfg = Debug|Win32
		{5057CC24-3479-4260-9DAD-CBEAB0C70027}.Debug|x86.Build.0 = Debug|Win32
		{5057CC24-3479-4260-9DAD-CBEAB0C70027}.Release|x64.ActiveCfg = Release|x64
		{5057CC24-3479-4260-9DAD-CBEAB0C70027}.Release|x64.Build.0 = Release|x64
		{5057CC24-3479-4260-9DAD-CBEAB0C70027}.Release|x86.ActiveCfg = Release|Win32
		{5057CC24-3479-4260-9DAD-CBEAB0C70027}.Release|x86.Build.0 = Release|Win32
		{08974EFF-76FD-4773-81C6-89CCB2002FD9}.Debug|x64.ActiveCfg = Debug|x64
		{08974EFF-76FD-4773-81C6-89CCB2002FD9}.Debug|x64.Build.0 = Debug|x64
		{08974EFF-76FD-4773-81C6-89CCB2002FD9}.Debug|x86.ActiveCfg = Debug|Win32
		{08974EFF-76FD-4773-81C6-89CCB2002FD9}.Debug|x86.Build.0 = Debug|Win32
		{08974EFF-76FD-4773-81C6-89CCB2002FD9}.Release|x64.ActiveCfg = Release|x64
		{08974EFF-76FD-4773-81C6-89CCB2002FD9}.Release|x64.Build.0 = Release|x64
		{08974EFF-76FD-4773-81C6-89CCB2002FD9}.Release|x86.ActiveCfg = Release|Win32
		{08974EFF-76FD-4773-81C6-89CCB2002FD9}.Release|x86.Build.0 = Release|Win32
		{6EFE2789-8CDA-4C2B-8FD1-AFA401D8E75E}.Debug|x64.ActiveCfg = Debug|x64
		{6EFE2789-8CDA-4C2B-8FD1-AFA401D8E75E}.Debug|x64.Build.0 = Debug|x64
		{6EFE2789-8CDA-4C2B-8FD1-AFA401D8E75E}.Debug|x86.ActiveCfg = Debug|Win32
		{6EFE2789-8CDA-4C2B-8FD1-AFA401D8E75E}.Debug|x86.Build.0 = Debug|Win32
		{6EFE2789-8CDA-4C2B-8FD1-AFA401D8E75E}.Release|x64.ActiveCfg = Release|x64
		{6EFE2789-8CDA-4C2B-8FD1-AFA401D8E75E}.Release|x64.Build.0 = Release|x64
		{6EFE2789-8CDA-4C2B-8FD1-AFA401D8E75E}.Release|x86.ActiveCfg = Release|Win32
		{6EFE2789-8CDA-4C2B-8FD1-AFA401D8E75E}.Release|x86.Build.0 = Release|Win32
		{1D3439A3-9F1F-4C07-AC56-D3A18FC43A77}.Debug|x64.ActiveCfg = Debug|x64
		{1D3439A3-9F1F-4C07-AC56-D3A18FC43A77}.Debug|x64.Build.0 = Debug|x64
		{1D3439A3-9F1F-4C07-AC56-D3A18FC43A77}.Debug|x86.ActiveCfg = Debug|Win32
		{1D3439A3-9F1F-4C07-AC56-D3A18FC43A77}.Debug|x86.Build.0 = Debug|Win32
		{1D3439A3-9F1F-4C07-AC56-D3A18FC43A77}.Release|x64.ActiveCfg = Release|x64
		{1D3439A3-9F1F-4C07-AC56-D3A18FC43A77}.Release|x64.Build.0 = Release|x64
		{1D3439A3-9F1F-4C07-AC56-D3A18FC43A77}.Release|x86.ActiveCfg = Release|Win32
		{1D3439A3-9F1F-4C07-AC56-D3A18FC43A77}.Release|x86.Build.0 = Release|Win32
		{45FF1938-2A0A-4D76-ABAD-D8A6BEB7E1C3}.Debug|x64.ActiveCfg = Debug|x64
		{45FF1938-2A0A-4D76-ABAD-D8A6BEB7E1C3}.Debug|x64.Build.0 = Debug|x64
		{45FF1938-2A0A-4D76-ABAD-D8A6BEB7E1C3}.Debug|x86.ActiveCfg = Debug|Win32
		{45FF1938-2A0A-4D76-ABAD-D8A6BEB7E1C3}.Debug|x86.Build.0 = Debug|Win32
		{45FF1938-2A0A-4D76-ABAD-D8A6BEB7E1C3}.Release|x64.ActiveCfg = Release|x64
		{45FF1938-2A0A-4D76-ABAD-D8A6BEB7E1C3}.Release|x64.Build.0 = Release|x64
		{45FF1938-2A0A-4D76-ABAD-D8A6BEB7E1C3}.Release|x86.ActiveCfg = Release|Win32
		{45FF1938-2A0A-4D76-ABAD-D8A6BEB7E1C3}.Release|x86.Build.0 = Release|Win32
		{05F42F5A-5727-4A2B-AE5E-F7AEE3CB2D05}.Debug|x64.ActiveCfg = Debug|x64
		{05F42F5A-5727-4A2B-AE5E-F7AEE3CB2D05}.Debug|x64.Build.0 = Debug|x64
		{05F42F5A-5727-4A2B-AE5E-F7AEE3CB2D05}.Debug|x86.ActiveCfg = Debug|Win32
		{05F42F5A-5727-4A2B-AE5E-F7AEE3CB2D05}.Debug|x86.Build.0 = Debug|Win32
		{05F42F5A-5727-4A2B-AE5E-F7AEE3CB2D05}.Release|x64.ActiveCfg = Release|x64
		{05F42F5A-5727-4A2B-AE5E-F7AEE3CB2D05}.Release|x64.Build.0 = Release|x64
		{05F42F5A-5727-4A2B-AE5E-F7AEE3CB2D05}.Release|x86.ActiveCfg = Release|Win32
		{05F42F5A-5727-4A2B-AE5E-F7AEE3CB2D05}.Release|x86.Build.0 = Release|Win32
		{629D9722-B168-400C-A120-BCA429A02E6B}.Debug|x64.ActiveCfg = Debug|x64
		{629D9722-B168-400C-A120-BCA429A02E6B}.Debug|x64.Build.0 = Debug|x64
		{629D9722-B168-400C-A120-BCA429A02E6B}.Debug|x86.ActiveCfg = Debug|Win32
		{629D9722-B168-400C-A120-BCA429A02E6B}.Debug|x86.Build.0 = Debug|Win32
		{629D9722-B168-400C-A120-BCA429A02E6B}.Release|x64.ActiveCfg = Release|x64
		{629D9722-B168-400C-A120-BCA429A02E6B}.Release|x64.Build.0 = Release|x64
		{629D9722-B168-400C-A120-BCA429A02E6B}.Release|x86.ActiveCfg = Release|Win32
		{629D9722-B168-400C-A120-BCA429A02E6B}.Release|x86.Build.0 = Release|Win32
		{3BF5D6F5-F144-4757-B093-F9E1EE5BFCFF}.Debug|x64.ActiveCfg = Debug|x64
		{3BF5D6F5-F144-4757-B093-F9E1EE5BFCFF}.Debug|x64.Build.0 = Debug|x64
		{3BF5D6F5-F144-4757-B093-F9E1EE5BFCFF}.Debug|x86.ActiveCfg = Debug|Win32
		{3BF5D6F5-F144-4757-B093-F9E1EE5BFCFF}.Debug|x86.Build.0 = Debug|Win32
		{3BF5D6F5-F144-4757-B093-F9E1EE5BFCFF}.Release|x64.ActiveCfg = Release|x64
		{3BF5D6F5-F144-4757-B093-F9E1EE5BFCFF}.Release|x64.Build.0 = Release|x64
		{3BF5D6F5-F144-4757-B093-F9E1EE5BFCFF}.Release|x86.ActiveCfg = Release|Win32
		{3BF5D6F5-F144-4757-B093-F9E1EE5BFCFF}.Release|x86.Build.0 = Release|Win32
	EndGlobalSection
	GlobalSection(SolutionProperties) = preSolution
		HideSolutionNode = FALSE
	EndGlobalSection
	GlobalSection(ExtensibilityGlobals) = postSolution
		SolutionGuid = {44B1D410-A395-4756-8D94-37D5BEDC5C4C}
	EndGlobalSection
EndGlobal
